
Microsoft Visual Studio Solution File, Format Version 12.00
# Visual Studio Version 17
VisualStudioVersion = 17.13.35931.197 d17.13
MinimumVisualStudioVersion = 10.0.40219.1
Project("{FAE04EC0-301F-11D3-BF4B-00C04F79EFBC}") = "24-03", "24-03.csproj", "{980DC729-F309-4CDC-A4EF-62C8D7CEF33F}"
EndProject
Global
	GlobalSection(SolutionConfigurationPlatforms) = preSolution
		Debug|Any CPU = Debug|Any CPU
		Release|Any CPU = Release|Any CPU
	EndGlobalSection
	GlobalSection(ProjectConfigurationPlatforms) = postSolution
		{980DC729-F309-4CDC-A4EF-62C8D7CEF33F}.Debug|Any CPU.ActiveCfg = Debug|Any CPU
		{980DC729-F309-4CDC-A4EF-62C8D7CEF33F}.Debug|Any CPU.Build.0 = Debug|Any CPU
		{980DC729-F309-4CDC-A4EF-62C8D7CEF33F}.Release|Any CPU.ActiveCfg = Release|Any CPU
		{980DC729-F309-4CDC-A4EF-62C8D7CEF33F}.Release|Any CPU.Build.0 = Release|Any CPU
	EndGlobalSection
	GlobalSection(SolutionProperties) = preSolution
		HideSolutionNode = FALSE
	EndGlobalSection
	GlobalSection(ExtensibilityGlobals) = postSolution
		SolutionGuid = {1867654F-0FE6-4565-B8DB-09A56ABBEFFF}
	EndGlobalSection
EndGlobal
